
Microsoft Visual Studio Solution File, Format Version 12.00
# Visual Studio 2013
VisualStudioVersion = 12.0.31101.0
MinimumVisualStudioVersion = 10.0.40219.1
Project("{FAE04EC0-301F-11D3-BF4B-00C04F79EFBC}") = "Capdxx", "Capdxx\Capdxx.csproj", "{B85047A7-6384-4A16-9941-9E967AAA7E66}"
EndProject
Project("{FAE04EC0-301F-11D3-BF4B-00C04F79EFBC}") = "CapdxxClient", "CapdxxClient\CapdxxClient.csproj", "{8AB8B530-502E-4A46-A27F-F220232A8987}"
EndProject
Project("{FAE04EC0-301F-11D3-BF4B-00C04F79EFBC}") = "CapdEmulator", "CapdEmulator\CapdEmulator.csproj", "{EC332654-DA1E-4ED6-8357-C4B74C1ABF8C}"
EndProject
Project("{FAE04EC0-301F-11D3-BF4B-00C04F79EFBC}") = "CapdxxTester", "CapdxxTester\CapdxxTester.csproj", "{0895B915-36EA-4C8F-AF1F-4B1B3E234ECC}"
EndProject
Global
	GlobalSection(SolutionConfigurationPlatforms) = preSolution
		Debug|Any CPU = Debug|Any CPU
		Release|Any CPU = Release|Any CPU
	EndGlobalSection
	GlobalSection(ProjectConfigurationPlatforms) = postSolution
		{B85047A7-6384-4A16-9941-9E967AAA7E66}.Debug|Any CPU.ActiveCfg = Debug|Any CPU
		{B85047A7-6384-4A16-9941-9E967AAA7E66}.Debug|Any CPU.Build.0 = Debug|Any CPU
		{B85047A7-6384-4A16-9941-9E967AAA7E66}.Release|Any CPU.ActiveCfg = Release|Any CPU
		{B85047A7-6384-4A16-9941-9E967AAA7E66}.Release|Any CPU.Build.0 = Release|Any CPU
		{8AB8B530-502E-4A46-A27F-F220232A8987}.Debug|Any CPU.ActiveCfg = Debug|Any CPU
		{8AB8B530-502E-4A46-A27F-F220232A8987}.Debug|Any CPU.Build.0 = Debug|Any CPU
		{8AB8B530-502E-4A46-A27F-F220232A8987}.Release|Any CPU.ActiveCfg = Release|Any CPU
		{8AB8B530-502E-4A46-A27F-F220232A8987}.Release|Any CPU.Build.0 = Release|Any CPU
		{EC332654-DA1E-4ED6-8357-C4B74C1ABF8C}.Debug|Any CPU.ActiveCfg = Debug|Any CPU
		{EC332654-DA1E-4ED6-8357-C4B74C1ABF8C}.Debug|Any CPU.Build.0 = Debug|Any CPU
		{EC332654-DA1E-4ED6-8357-C4B74C1ABF8C}.Release|Any CPU.ActiveCfg = Release|Any CPU
		{EC332654-DA1E-4ED6-8357-C4B74C1ABF8C}.Release|Any CPU.Build.0 = Release|Any CPU
		{0895B915-36EA-4C8F-AF1F-4B1B3E234ECC}.Debug|Any CPU.ActiveCfg = Debug|Any CPU
		{0895B915-36EA-4C8F-AF1F-4B1B3E234ECC}.Debug|Any CPU.Build.0 = Debug|Any CPU
		{0895B915-36EA-4C8F-AF1F-4B1B3E234ECC}.Release|Any CPU.ActiveCfg = Release|Any CPU
		{0895B915-36EA-4C8F-AF1F-4B1B3E234ECC}.Release|Any CPU.Build.0 = Release|Any CPU
	EndGlobalSection
	GlobalSection(SolutionProperties) = preSolution
		HideSolutionNode = FALSE
	EndGlobalSection
EndGlobal
